// !$*UTF8*$!
{
	archiveVersion = 1;
	classes = {
	};
	objectVersion = 55;
	objects = {

/* Begin PBXBuildFile section */
		4102F338283F800500516DCD /* HTBDTextField.swift in Sources */ = {isa = PBXBuildFile; fileRef = 4102F337283F800500516DCD /* HTBDTextField.swift */; };
		4102F33A283F818900516DCD /* SetUpNewQuestionVC.swift in Sources */ = {isa = PBXBuildFile; fileRef = 4102F339283F818900516DCD /* SetUpNewQuestionVC.swift */; };
		4102F33E283F903800516DCD /* QuestionBuilder.swift in Sources */ = {isa = PBXBuildFile; fileRef = 4102F33D283F903800516DCD /* QuestionBuilder.swift */; };
		41200D43283E29EF0072C064 /* ObservableOptions.swift in Sources */ = {isa = PBXBuildFile; fileRef = 41200D42283E29EF0072C064 /* ObservableOptions.swift */; };
		412B990A28367CCA0056F590 /* HTBDLabel.swift in Sources */ = {isa = PBXBuildFile; fileRef = 412B990928367CCA0056F590 /* HTBDLabel.swift */; };
		412B990E283682850056F590 /* QuestionModel.swift in Sources */ = {isa = PBXBuildFile; fileRef = 412B990D283682850056F590 /* QuestionModel.swift */; };
		412B9910283684DA0056F590 /* GameVC+ConfigureUI.swift in Sources */ = {isa = PBXBuildFile; fileRef = 412B990F283684DA0056F590 /* GameVC+ConfigureUI.swift */; };
		41638CF12836B761002C9245 /* GameVC+GameLogic.swift in Sources */ = {isa = PBXBuildFile; fileRef = 41638CF02836B761002C9245 /* GameVC+GameLogic.swift */; };
		41638D162837A522002C9245 /* GameSingleton.swift in Sources */ = {isa = PBXBuildFile; fileRef = 41638D152837A522002C9245 /* GameSingleton.swift */; };
		41638D172837C51C002C9245 /* StartVC.swift in Sources */ = {isa = PBXBuildFile; fileRef = 41A91A9B283530CA00BEBE98 /* StartVC.swift */; };
		41A91A8828352DC600BEBE98 /* AppDelegate.swift in Sources */ = {isa = PBXBuildFile; fileRef = 41A91A8728352DC600BEBE98 /* AppDelegate.swift */; };
		41A91A8A28352DC600BEBE98 /* SceneDelegate.swift in Sources */ = {isa = PBXBuildFile; fileRef = 41A91A8928352DC600BEBE98 /* SceneDelegate.swift */; };
		41A91A9128352DC700BEBE98 /* Assets.xcassets in Resources */ = {isa = PBXBuildFile; fileRef = 41A91A9028352DC700BEBE98 /* Assets.xcassets */; };
		41A91A9428352DC700BEBE98 /* LaunchScreen.storyboard in Resources */ = {isa = PBXBuildFile; fileRef = 41A91A9228352DC700BEBE98 /* LaunchScreen.storyboard */; };
		41A91A9E2835310900BEBE98 /* GameVC.swift in Sources */ = {isa = PBXBuildFile; fileRef = 41A91A9D2835310900BEBE98 /* GameVC.swift */; };
		41A91AA02835321C00BEBE98 /* RecordsVC.swift in Sources */ = {isa = PBXBuildFile; fileRef = 41A91A9F2835321C00BEBE98 /* RecordsVC.swift */; };
		41A91AA32835351C00BEBE98 /* HTBDButton.swift in Sources */ = {isa = PBXBuildFile; fileRef = 41A91AA22835351C00BEBE98 /* HTBDButton.swift */; };
		41E863C3283B870800723CDA /* Records.swift in Sources */ = {isa = PBXBuildFile; fileRef = 41E863C2283B870800723CDA /* Records.swift */; };
		41E863C6283B8B1B00723CDA /* RecordsTVC.swift in Sources */ = {isa = PBXBuildFile; fileRef = 41E863C5283B8B1B00723CDA /* RecordsTVC.swift */; };
		41E863CC283BB05000723CDA /* RecordsCaretaker.swift in Sources */ = {isa = PBXBuildFile; fileRef = 41E863CB283BB05000723CDA /* RecordsCaretaker.swift */; };
		41FB0C58283CD3D1002CE80B /* Sequence.swift in Sources */ = {isa = PBXBuildFile; fileRef = 41FB0C57283CD3D1002CE80B /* Sequence.swift */; };
		41FB0C5C283CD9C5002CE80B /* SequenceStrategy.swift in Sources */ = {isa = PBXBuildFile; fileRef = 41FB0C5B283CD9C5002CE80B /* SequenceStrategy.swift */; };
		41FB0C5E283CD9F2002CE80B /* ConsistenceStrategy.swift in Sources */ = {isa = PBXBuildFile; fileRef = 41FB0C5D283CD9F2002CE80B /* ConsistenceStrategy.swift */; };
		41FB0C60283CDA00002CE80B /* RandomStrategy.swift in Sources */ = {isa = PBXBuildFile; fileRef = 41FB0C5F283CDA00002CE80B /* RandomStrategy.swift */; };
/* End PBXBuildFile section */

/* Begin PBXFileReference section */
		4102F337283F800500516DCD /* HTBDTextField.swift */ = {isa = PBXFileReference; lastKnownFileType = sourcecode.swift; path = HTBDTextField.swift; sourceTree = "<group>"; };
		4102F339283F818900516DCD /* SetUpNewQuestionVC.swift */ = {isa = PBXFileReference; lastKnownFileType = sourcecode.swift; path = SetUpNewQuestionVC.swift; sourceTree = "<group>"; };
		4102F33D283F903800516DCD /* QuestionBuilder.swift */ = {isa = PBXFileReference; lastKnownFileType = sourcecode.swift; path = QuestionBuilder.swift; sourceTree = "<group>"; };
		41200D42283E29EF0072C064 /* ObservableOptions.swift */ = {isa = PBXFileReference; lastKnownFileType = sourcecode.swift; path = ObservableOptions.swift; sourceTree = "<group>"; };
		412B990928367CCA0056F590 /* HTBDLabel.swift */ = {isa = PBXFileReference; lastKnownFileType = sourcecode.swift; path = HTBDLabel.swift; sourceTree = "<group>"; };
		412B990D283682850056F590 /* QuestionModel.swift */ = {isa = PBXFileReference; lastKnownFileType = sourcecode.swift; path = QuestionModel.swift; sourceTree = "<group>"; };
		412B990F283684DA0056F590 /* GameVC+ConfigureUI.swift */ = {isa = PBXFileReference; lastKnownFileType = sourcecode.swift; path = "GameVC+ConfigureUI.swift"; sourceTree = "<group>"; };
		41638CF02836B761002C9245 /* GameVC+GameLogic.swift */ = {isa = PBXFileReference; lastKnownFileType = sourcecode.swift; path = "GameVC+GameLogic.swift"; sourceTree = "<group>"; };
		41638D152837A522002C9245 /* GameSingleton.swift */ = {isa = PBXFileReference; lastKnownFileType = sourcecode.swift; path = GameSingleton.swift; sourceTree = "<group>"; };
		41A91A8428352DC600BEBE98 /* HowToBecomeDeutsch.app */ = {isa = PBXFileReference; explicitFileType = wrapper.application; includeInIndex = 0; path = HowToBecomeDeutsch.app; sourceTree = BUILT_PRODUCTS_DIR; };
		41A91A8728352DC600BEBE98 /* AppDelegate.swift */ = {isa = PBXFileReference; lastKnownFileType = sourcecode.swift; path = AppDelegate.swift; sourceTree = "<group>"; };
		41A91A8928352DC600BEBE98 /* SceneDelegate.swift */ = {isa = PBXFileReference; lastKnownFileType = sourcecode.swift; path = SceneDelegate.swift; sourceTree = "<group>"; };
		41A91A9028352DC700BEBE98 /* Assets.xcassets */ = {isa = PBXFileReference; lastKnownFileType = folder.assetcatalog; path = Assets.xcassets; sourceTree = "<group>"; };
		41A91A9328352DC700BEBE98 /* Base */ = {isa = PBXFileReference; lastKnownFileType = file.storyboard; name = Base; path = Base.lproj/LaunchScreen.storyboard; sourceTree = "<group>"; };
		41A91A9528352DC700BEBE98 /* Info.plist */ = {isa = PBXFileReference; lastKnownFileType = text.plist.xml; path = Info.plist; sourceTree = "<group>"; };
		41A91A9B283530CA00BEBE98 /* StartVC.swift */ = {isa = PBXFileReference; lastKnownFileType = sourcecode.swift; path = StartVC.swift; sourceTree = "<group>"; };
		41A91A9D2835310900BEBE98 /* GameVC.swift */ = {isa = PBXFileReference; lastKnownFileType = sourcecode.swift; path = GameVC.swift; sourceTree = "<group>"; };
		41A91A9F2835321C00BEBE98 /* RecordsVC.swift */ = {isa = PBXFileReference; lastKnownFileType = sourcecode.swift; path = RecordsVC.swift; sourceTree = "<group>"; };
		41A91AA22835351C00BEBE98 /* HTBDButton.swift */ = {isa = PBXFileReference; lastKnownFileType = sourcecode.swift; path = HTBDButton.swift; sourceTree = "<group>"; };
		41E863C2283B870800723CDA /* Records.swift */ = {isa = PBXFileReference; lastKnownFileType = sourcecode.swift; path = Records.swift; sourceTree = "<group>"; };
		41E863C5283B8B1B00723CDA /* RecordsTVC.swift */ = {isa = PBXFileReference; lastKnownFileType = sourcecode.swift; path = RecordsTVC.swift; sourceTree = "<group>"; };
		41E863CB283BB05000723CDA /* RecordsCaretaker.swift */ = {isa = PBXFileReference; lastKnownFileType = sourcecode.swift; path = RecordsCaretaker.swift; sourceTree = "<group>"; };
		41FB0C57283CD3D1002CE80B /* Sequence.swift */ = {isa = PBXFileReference; lastKnownFileType = sourcecode.swift; path = Sequence.swift; sourceTree = "<group>"; };
		41FB0C5B283CD9C5002CE80B /* SequenceStrategy.swift */ = {isa = PBXFileReference; lastKnownFileType = sourcecode.swift; path = SequenceStrategy.swift; sourceTree = "<group>"; };
		41FB0C5D283CD9F2002CE80B /* ConsistenceStrategy.swift */ = {isa = PBXFileReference; lastKnownFileType = sourcecode.swift; path = ConsistenceStrategy.swift; sourceTree = "<group>"; };
		41FB0C5F283CDA00002CE80B /* RandomStrategy.swift */ = {isa = PBXFileReference; lastKnownFileType = sourcecode.swift; path = RandomStrategy.swift; sourceTree = "<group>"; };
/* End PBXFileReference section */

/* Begin PBXFrameworksBuildPhase section */
		41A91A8128352DC600BEBE98 /* Frameworks */ = {
			isa = PBXFrameworksBuildPhase;
			buildActionMask = 2147483647;
			files = (
			);
			runOnlyForDeploymentPostprocessing = 0;
		};
/* End PBXFrameworksBuildPhase section */

/* Begin PBXGroup section */
		4102F33C283F902600516DCD /* QuestionBuilder */ = {
			isa = PBXGroup;
			children = (
				4102F33D283F903800516DCD /* QuestionBuilder.swift */,
			);
			path = QuestionBuilder;
			sourceTree = "<group>";
		};
		41200D41283E29D50072C064 /* Observable */ = {
			isa = PBXGroup;
			children = (
				41200D42283E29EF0072C064 /* ObservableOptions.swift */,
			);
			path = Observable;
			sourceTree = "<group>";
		};
		412B990B28367CD10056F590 /* Utilities */ = {
			isa = PBXGroup;
			children = (
				41E863C4283B8ADE00723CDA /* Cells */,
				41A91AA22835351C00BEBE98 /* HTBDButton.swift */,
				4102F337283F800500516DCD /* HTBDTextField.swift */,
				412B990928367CCA0056F590 /* HTBDLabel.swift */,
			);
			path = Utilities;
			sourceTree = "<group>";
		};
		412B990C283682760056F590 /* Model */ = {
			isa = PBXGroup;
			children = (
				412B990D283682850056F590 /* QuestionModel.swift */,
				41E863C2283B870800723CDA /* Records.swift */,
			);
			path = Model;
			sourceTree = "<group>";
		};
		412B9912283684EE0056F590 /* Controllers */ = {
			isa = PBXGroup;
			children = (
				41A91A9B283530CA00BEBE98 /* StartVC.swift */,
				41A91A9D2835310900BEBE98 /* GameVC.swift */,
				41638CF02836B761002C9245 /* GameVC+GameLogic.swift */,
				412B990F283684DA0056F590 /* GameVC+ConfigureUI.swift */,
				41A91A9F2835321C00BEBE98 /* RecordsVC.swift */,
				4102F339283F818900516DCD /* SetUpNewQuestionVC.swift */,
			);
			path = Controllers;
			sourceTree = "<group>";
		};
		41638D142837A50D002C9245 /* Singleton */ = {
			isa = PBXGroup;
			children = (
				41638D152837A522002C9245 /* GameSingleton.swift */,
			);
			path = Singleton;
			sourceTree = "<group>";
		};
		41A91A7B28352DC600BEBE98 = {
			isa = PBXGroup;
			children = (
				41A91A8628352DC600BEBE98 /* HowToBecomeDeutsch */,
				41A91A8528352DC600BEBE98 /* Products */,
			);
			sourceTree = "<group>";
		};
		41A91A8528352DC600BEBE98 /* Products */ = {
			isa = PBXGroup;
			children = (
				41A91A8428352DC600BEBE98 /* HowToBecomeDeutsch.app */,
			);
			name = Products;
			sourceTree = "<group>";
		};
		41A91A8628352DC600BEBE98 /* HowToBecomeDeutsch */ = {
			isa = PBXGroup;
			children = (
				4102F33C283F902600516DCD /* QuestionBuilder */,
				41200D41283E29D50072C064 /* Observable */,
				41FB0C59283CD66F002CE80B /* Strategy */,
				41E863CA283BB03700723CDA /* Memento */,
				41638D142837A50D002C9245 /* Singleton */,
				412B9912283684EE0056F590 /* Controllers */,
				41A91AA12835346800BEBE98 /* Fundamentals */,
				412B990B28367CD10056F590 /* Utilities */,
				412B990C283682760056F590 /* Model */,
				41A91A9028352DC700BEBE98 /* Assets.xcassets */,
				41A91A9228352DC700BEBE98 /* LaunchScreen.storyboard */,
				41A91A9528352DC700BEBE98 /* Info.plist */,
				41FB0C57283CD3D1002CE80B /* Sequence.swift */,
			);
			path = HowToBecomeDeutsch;
			sourceTree = "<group>";
		};
		41A91AA12835346800BEBE98 /* Fundamentals */ = {
			isa = PBXGroup;
			children = (
				41A91A8728352DC600BEBE98 /* AppDelegate.swift */,
				41A91A8928352DC600BEBE98 /* SceneDelegate.swift */,
			);
			path = Fundamentals;
			sourceTree = "<group>";
		};
		41E863C4283B8ADE00723CDA /* Cells */ = {
			isa = PBXGroup;
			children = (
				41E863C5283B8B1B00723CDA /* RecordsTVC.swift */,
			);
			path = Cells;
			sourceTree = "<group>";
		};
		41E863CA283BB03700723CDA /* Memento */ = {
			isa = PBXGroup;
			children = (
				41E863CB283BB05000723CDA /* RecordsCaretaker.swift */,
			);
			path = Memento;
			sourceTree = "<group>";
		};
		41FB0C59283CD66F002CE80B /* Strategy */ = {
			isa = PBXGroup;
			children = (
				41FB0C5A283CD677002CE80B /* SequenceQuestion */,
			);
			path = Strategy;
			sourceTree = "<group>";
		};
		41FB0C5A283CD677002CE80B /* SequenceQuestion */ = {
			isa = PBXGroup;
			children = (
				41FB0C5B283CD9C5002CE80B /* SequenceStrategy.swift */,
				41FB0C5D283CD9F2002CE80B /* ConsistenceStrategy.swift */,
				41FB0C5F283CDA00002CE80B /* RandomStrategy.swift */,
			);
			path = SequenceQuestion;
			sourceTree = "<group>";
		};
/* End PBXGroup section */

/* Begin PBXNativeTarget section */
		41A91A8328352DC600BEBE98 /* HowToBecomeDeutsch */ = {
			isa = PBXNativeTarget;
			buildConfigurationList = 41A91A9828352DC700BEBE98 /* Build configuration list for PBXNativeTarget "HowToBecomeDeutsch" */;
			buildPhases = (
				41A91A8028352DC600BEBE98 /* Sources */,
				41A91A8128352DC600BEBE98 /* Frameworks */,
				41A91A8228352DC600BEBE98 /* Resources */,
			);
			buildRules = (
			);
			dependencies = (
			);
			name = HowToBecomeDeutsch;
			productName = HowToBecomeRich;
			productReference = 41A91A8428352DC600BEBE98 /* HowToBecomeDeutsch.app */;
			productType = "com.apple.product-type.application";
		};
/* End PBXNativeTarget section */

/* Begin PBXProject section */
		41A91A7C28352DC600BEBE98 /* Project object */ = {
			isa = PBXProject;
			attributes = {
				BuildIndependentTargetsInParallel = 1;
				LastSwiftUpdateCheck = 1310;
				LastUpgradeCheck = 1310;
				TargetAttributes = {
					41A91A8328352DC600BEBE98 = {
						CreatedOnToolsVersion = 13.1;
					};
				};
			};
			buildConfigurationList = 41A91A7F28352DC600BEBE98 /* Build configuration list for PBXProject "HowToBecomeDeutsch" */;
			compatibilityVersion = "Xcode 13.0";
			developmentRegion = en;
			hasScannedForEncodings = 0;
			knownRegions = (
				en,
				Base,
			);
			mainGroup = 41A91A7B28352DC600BEBE98;
			productRefGroup = 41A91A8528352DC600BEBE98 /* Products */;
			projectDirPath = "";
			projectRoot = "";
			targets = (
				41A91A8328352DC600BEBE98 /* HowToBecomeDeutsch */,
			);
		};
/* End PBXProject section */

/* Begin PBXResourcesBuildPhase section */
		41A91A8228352DC600BEBE98 /* Resources */ = {
			isa = PBXResourcesBuildPhase;
			buildActionMask = 2147483647;
			files = (
				41A91A9428352DC700BEBE98 /* LaunchScreen.storyboard in Resources */,
				41A91A9128352DC700BEBE98 /* Assets.xcassets in Resources */,
			);
			runOnlyForDeploymentPostprocessing = 0;
		};
/* End PBXResourcesBuildPhase section */

/* Begin PBXSourcesBuildPhase section */
		41A91A8028352DC600BEBE98 /* Sources */ = {
			isa = PBXSourcesBuildPhase;
			buildActionMask = 2147483647;
			files = (
				41A91AA02835321C00BEBE98 /* RecordsVC.swift in Sources */,
				4102F338283F800500516DCD /* HTBDTextField.swift in Sources */,
				41E863CC283BB05000723CDA /* RecordsCaretaker.swift in Sources */,
				41FB0C58283CD3D1002CE80B /* Sequence.swift in Sources */,
				41FB0C60283CDA00002CE80B /* RandomStrategy.swift in Sources */,
				41200D43283E29EF0072C064 /* ObservableOptions.swift in Sources */,
				41A91A8828352DC600BEBE98 /* AppDelegate.swift in Sources */,
				41638D162837A522002C9245 /* GameSingleton.swift in Sources */,
				412B990A28367CCA0056F590 /* HTBDLabel.swift in Sources */,
				4102F33A283F818900516DCD /* SetUpNewQuestionVC.swift in Sources */,
				41FB0C5E283CD9F2002CE80B /* ConsistenceStrategy.swift in Sources */,
				41638CF12836B761002C9245 /* GameVC+GameLogic.swift in Sources */,
				41A91A8A28352DC600BEBE98 /* SceneDelegate.swift in Sources */,
				41E863C3283B870800723CDA /* Records.swift in Sources */,
				412B9910283684DA0056F590 /* GameVC+ConfigureUI.swift in Sources */,
				41A91A9E2835310900BEBE98 /* GameVC.swift in Sources */,
				41638D172837C51C002C9245 /* StartVC.swift in Sources */,
				4102F33E283F903800516DCD /* QuestionBuilder.swift in Sources */,
				41A91AA32835351C00BEBE98 /* HTBDButton.swift in Sources */,
				41FB0C5C283CD9C5002CE80B /* SequenceStrategy.swift in Sources */,
				41E863C6283B8B1B00723CDA /* RecordsTVC.swift in Sources */,
				412B990E283682850056F590 /* QuestionModel.swift in Sources */,
			);
			runOnlyForDeploymentPostprocessing = 0;
		};
/* End PBXSourcesBuildPhase section */

/* Begin PBXVariantGroup section */
		41A91A9228352DC700BEBE98 /* LaunchScreen.storyboard */ = {
			isa = PBXVariantGroup;
			children = (
				41A91A9328352DC700BEBE98 /* Base */,
			);
			name = LaunchScreen.storyboard;
			sourceTree = "<group>";
		};
/* End PBXVariantGroup section */

/* Begin XCBuildConfiguration section */
		41A91A9628352DC700BEBE98 /* Debug */ = {
			isa = XCBuildConfiguration;
			buildSettings = {
				ALWAYS_SEARCH_USER_PATHS = NO;
				CLANG_ANALYZER_NONNULL = YES;
				CLANG_ANALYZER_NUMBER_OBJECT_CONVERSION = YES_AGGRESSIVE;
				CLANG_CXX_LANGUAGE_STANDARD = "gnu++17";
				CLANG_CXX_LIBRARY = "libc++";
				CLANG_ENABLE_MODULES = YES;
				CLANG_ENABLE_OBJC_ARC = YES;
				CLANG_ENABLE_OBJC_WEAK = YES;
				CLANG_WARN_BLOCK_CAPTURE_AUTORELEASING = YES;
				CLANG_WARN_BOOL_CONVERSION = YES;
				CLANG_WARN_COMMA = YES;
				CLANG_WARN_CONSTANT_CONVERSION = YES;
				CLANG_WARN_DEPRECATED_OBJC_IMPLEMENTATIONS = YES;
				CLANG_WARN_DIRECT_OBJC_ISA_USAGE = YES_ERROR;
				CLANG_WARN_DOCUMENTATION_COMMENTS = YES;
				CLANG_WARN_EMPTY_BODY = YES;
				CLANG_WARN_ENUM_CONVERSION = YES;
				CLANG_WARN_INFINITE_RECURSION = YES;
				CLANG_WARN_INT_CONVERSION = YES;
				CLANG_WARN_NON_LITERAL_NULL_CONVERSION = YES;
				CLANG_WARN_OBJC_IMPLICIT_RETAIN_SELF = YES;
				CLANG_WARN_OBJC_LITERAL_CONVERSION = YES;
				CLANG_WARN_OBJC_ROOT_CLASS = YES_ERROR;
				CLANG_WARN_QUOTED_INCLUDE_IN_FRAMEWORK_HEADER = YES;
				CLANG_WARN_RANGE_LOOP_ANALYSIS = YES;
				CLANG_WARN_STRICT_PROTOTYPES = YES;
				CLANG_WARN_SUSPICIOUS_MOVE = YES;
				CLANG_WARN_UNGUARDED_AVAILABILITY = YES_AGGRESSIVE;
				CLANG_WARN_UNREACHABLE_CODE = YES;
				CLANG_WARN__DUPLICATE_METHOD_MATCH = YES;
				COPY_PHASE_STRIP = NO;
				DEBUG_INFORMATION_FORMAT = dwarf;
				ENABLE_STRICT_OBJC_MSGSEND = YES;
				ENABLE_TESTABILITY = YES;
				GCC_C_LANGUAGE_STANDARD = gnu11;
				GCC_DYNAMIC_NO_PIC = NO;
				GCC_NO_COMMON_BLOCKS = YES;
				GCC_OPTIMIZATION_LEVEL = 0;
				GCC_PREPROCESSOR_DEFINITIONS = (
					"DEBUG=1",
					"$(inherited)",
				);
				GCC_WARN_64_TO_32_BIT_CONVERSION = YES;
				GCC_WARN_ABOUT_RETURN_TYPE = YES_ERROR;
				GCC_WARN_UNDECLARED_SELECTOR = YES;
				GCC_WARN_UNINITIALIZED_AUTOS = YES_AGGRESSIVE;
				GCC_WARN_UNUSED_FUNCTION = YES;
				GCC_WARN_UNUSED_VARIABLE = YES;
				IPHONEOS_DEPLOYMENT_TARGET = 15.0;
				MTL_ENABLE_DEBUG_INFO = INCLUDE_SOURCE;
				MTL_FAST_MATH = YES;
				ONLY_ACTIVE_ARCH = YES;
				SDKROOT = iphoneos;
				SWIFT_ACTIVE_COMPILATION_CONDITIONS = DEBUG;
				SWIFT_OPTIMIZATION_LEVEL = "-Onone";
			};
			name = Debug;
		};
		41A91A9728352DC700BEBE98 /* Release */ = {
			isa = XCBuildConfiguration;
			buildSettings = {
				ALWAYS_SEARCH_USER_PATHS = NO;
				CLANG_ANALYZER_NONNULL = YES;
				CLANG_ANALYZER_NUMBER_OBJECT_CONVERSION = YES_AGGRESSIVE;
				CLANG_CXX_LANGUAGE_STANDARD = "gnu++17";
				CLANG_CXX_LIBRARY = "libc++";
				CLANG_ENABLE_MODULES = YES;
				CLANG_ENABLE_OBJC_ARC = YES;
				CLANG_ENABLE_OBJC_WEAK = YES;
				CLANG_WARN_BLOCK_CAPTURE_AUTORELEASING = YES;
				CLANG_WARN_BOOL_CONVERSION = YES;
				CLANG_WARN_COMMA = YES;
				CLANG_WARN_CONSTANT_CONVERSION = YES;
				CLANG_WARN_DEPRECATED_OBJC_IMPLEMENTATIONS = YES;
				CLANG_WARN_DIRECT_OBJC_ISA_USAGE = YES_ERROR;
				CLANG_WARN_DOCUMENTATION_COMMENTS = YES;
				CLANG_WARN_EMPTY_BODY = YES;
				CLANG_WARN_ENUM_CONVERSION = YES;
				CLANG_WARN_INFINITE_RECURSION = YES;
				CLANG_WARN_INT_CONVERSION = YES;
				CLANG_WARN_NON_LITERAL_NULL_CONVERSION = YES;
				CLANG_WARN_OBJC_IMPLICIT_RETAIN_SELF = YES;
				CLANG_WARN_OBJC_LITERAL_CONVERSION = YES;
				CLANG_WARN_OBJC_ROOT_CLASS = YES_ERROR;
				CLANG_WARN_QUOTED_INCLUDE_IN_FRAMEWORK_HEADER = YES;
				CLANG_WARN_RANGE_LOOP_ANALYSIS = YES;
				CLANG_WARN_STRICT_PROTOTYPES = YES;
				CLANG_WARN_SUSPICIOUS_MOVE = YES;
				CLANG_WARN_UNGUARDED_AVAILABILITY = YES_AGGRESSIVE;
				CLANG_WARN_UNREACHABLE_CODE = YES;
				CLANG_WARN__DUPLICATE_METHOD_MATCH = YES;
				COPY_PHASE_STRIP = NO;
				DEBUG_INFORMATION_FORMAT = "dwarf-with-dsym";
				ENABLE_NS_ASSERTIONS = NO;
				ENABLE_STRICT_OBJC_MSGSEND = YES;
				GCC_C_LANGUAGE_STANDARD = gnu11;
				GCC_NO_COMMON_BLOCKS = YES;
				GCC_WARN_64_TO_32_BIT_CONVERSION = YES;
				GCC_WARN_ABOUT_RETURN_TYPE = YES_ERROR;
				GCC_WARN_UNDECLARED_SELECTOR = YES;
				GCC_WARN_UNINITIALIZED_AUTOS = YES_AGGRESSIVE;
				GCC_WARN_UNUSED_FUNCTION = YES;
				GCC_WARN_UNUSED_VARIABLE = YES;
				IPHONEOS_DEPLOYMENT_TARGET = 15.0;
				MTL_ENABLE_DEBUG_INFO = NO;
				MTL_FAST_MATH = YES;
				SDKROOT = iphoneos;
				SWIFT_COMPILATION_MODE = wholemodule;
				SWIFT_OPTIMIZATION_LEVEL = "-O";
				VALIDATE_PRODUCT = YES;
			};
			name = Release;
		};
		41A91A9928352DC700BEBE98 /* Debug */ = {
			isa = XCBuildConfiguration;
			buildSettings = {
				ASSETCATALOG_COMPILER_APPICON_NAME = AppIcon;
				ASSETCATALOG_COMPILER_GLOBAL_ACCENT_COLOR_NAME = AccentColor;
				CODE_SIGN_STYLE = Automatic;
				CURRENT_PROJECT_VERSION = 1;
				GENERATE_INFOPLIST_FILE = YES;
				INFOPLIST_FILE = HowToBecomeDeutsch/Info.plist;
				INFOPLIST_KEY_UIApplicationSupportsIndirectInputEvents = YES;
				INFOPLIST_KEY_UILaunchStoryboardName = LaunchScreen;
				INFOPLIST_KEY_UISupportedInterfaceOrientations = UIInterfaceOrientationPortrait;
				INFOPLIST_KEY_UISupportedInterfaceOrientations_iPad = "UIInterfaceOrientationPortrait UIInterfaceOrientationPortraitUpsideDown UIInterfaceOrientationLandscapeLeft UIInterfaceOrientationLandscapeRight";
				INFOPLIST_KEY_UISupportedInterfaceOrientations_iPhone = "UIInterfaceOrientationPortrait UIInterfaceOrientationLandscapeLeft UIInterfaceOrientationLandscapeRight";
				LD_RUNPATH_SEARCH_PATHS = (
					"$(inherited)",
					"@executable_path/Frameworks",
				);
				MARKETING_VERSION = 1.0;
				PRODUCT_BUNDLE_IDENTIFIER = IArk.HowToBecomeDeutsch;
				PRODUCT_NAME = "$(TARGET_NAME)";
				SWIFT_EMIT_LOC_STRINGS = YES;
				SWIFT_VERSION = 5.0;
				TARGETED_DEVICE_FAMILY = 1;
			};
			name = Debug;
		};
		41A91A9A28352DC700BEBE98 /* Release */ = {
			isa = XCBuildConfiguration;
			buildSettings = {
				ASSETCATALOG_COMPILER_APPICON_NAME = AppIcon;
				ASSETCATALOG_COMPILER_GLOBAL_ACCENT_COLOR_NAME = AccentColor;
				CODE_SIGN_STYLE = Automatic;
				CURRENT_PROJECT_VERSION = 1;
				GENERATE_INFOPLIST_FILE = YES;
				INFOPLIST_FILE = HowToBecomeDeutsch/Info.plist;
				INFOPLIST_KEY_UIApplicationSupportsIndirectInputEvents = YES;
				INFOPLIST_KEY_UILaunchStoryboardName = LaunchScreen;
				INFOPLIST_KEY_UISupportedInterfaceOrientations = UIInterfaceOrientationPortrait;
				INFOPLIST_KEY_UISupportedInterfaceOrientations_iPad = "UIInterfaceOrientationPortrait UIInterfaceOrientationPortraitUpsideDown UIInterfaceOrientationLandscapeLeft UIInterfaceOrientationLandscapeRight";
				INFOPLIST_KEY_UISupportedInterfaceOrientations_iPhone = "UIInterfaceOrientationPortrait UIInterfaceOrientationLandscapeLeft UIInterfaceOrientationLandscapeRight";
				LD_RUNPATH_SEARCH_PATHS = (
					"$(inherited)",
					"@executable_path/Frameworks",
				);
				MARKETING_VERSION = 1.0;
				PRODUCT_BUNDLE_IDENTIFIER = IArk.HowToBecomeDeutsch;
				PRODUCT_NAME = "$(TARGET_NAME)";
				SWIFT_EMIT_LOC_STRINGS = YES;
				SWIFT_VERSION = 5.0;
				TARGETED_DEVICE_FAMILY = 1;
			};
			name = Release;
		};
/* End XCBuildConfiguration section */

/* Begin XCConfigurationList section */
		41A91A7F28352DC600BEBE98 /* Build configuration list for PBXProject "HowToBecomeDeutsch" */ = {
			isa = XCConfigurationList;
			buildConfigurations = (
				41A91A9628352DC700BEBE98 /* Debug */,
				41A91A9728352DC700BEBE98 /* Release */,
			);
			defaultConfigurationIsVisible = 0;
			defaultConfigurationName = Release;
		};
		41A91A9828352DC700BEBE98 /* Build configuration list for PBXNativeTarget "HowToBecomeDeutsch" */ = {
			isa = XCConfigurationList;
			buildConfigurations = (
				41A91A9928352DC700BEBE98 /* Debug */,
				41A91A9A28352DC700BEBE98 /* Release */,
			);
			defaultConfigurationIsVisible = 0;
			defaultConfigurationName = Release;
		};
/* End XCConfigurationList section */
	};
	rootObject = 41A91A7C28352DC600BEBE98 /* Project object */;
}
